
Microsoft Visual Studio Solution File, Format Version 12.00
# Visual Studio 15
VisualStudioVersion = 15.0.28010.2003
MinimumVisualStudioVersion = 10.0.40219.1
Project("{FAE04EC0-301F-11D3-BF4B-00C04F79EFBC}") = "Anagrams.core", "Anagrams.core\Anagrams.core.csproj", "{3F766647-6CE1-41DA-B7D3-CBEAA5EE4FA5}"
EndProject
Project("{FAE04EC0-301F-11D3-BF4B-00C04F79EFBC}") = "Anagrams.test", "Anagrams.test\Anagrams.test.csproj", "{C549F3D4-A3F6-4A51-94F2-D65F7951DED3}"
EndProject
Global
	GlobalSection(SolutionConfigurationPlatforms) = preSolution
		Debug|Any CPU = Debug|Any CPU
		Release|Any CPU = Release|Any CPU
	EndGlobalSection
	GlobalSection(ProjectConfigurationPlatforms) = postSolution
		{3F766647-6CE1-41DA-B7D3-CBEAA5EE4FA5}.Debug|Any CPU.ActiveCfg = Debug|Any CPU
		{3F766647-6CE1-41DA-B7D3-CBEAA5EE4FA5}.Debug|Any CPU.Build.0 = Debug|Any CPU
		{3F766647-6CE1-41DA-B7D3-CBEAA5EE4FA5}.Release|Any CPU.ActiveCfg = Release|Any CPU
		{3F766647-6CE1-41DA-B7D3-CBEAA5EE4FA5}.Release|Any CPU.Build.0 = Release|Any CPU
		{C549F3D4-A3F6-4A51-94F2-D65F7951DED3}.Debug|Any CPU.ActiveCfg = Debug|Any CPU
		{C549F3D4-A3F6-4A51-94F2-D65F7951DED3}.Debug|Any CPU.Build.0 = Debug|Any CPU
		{C549F3D4-A3F6-4A51-94F2-D65F7951DED3}.Release|Any CPU.ActiveCfg = Release|Any CPU
		{C549F3D4-A3F6-4A51-94F2-D65F7951DED3}.Release|Any CPU.Build.0 = Release|Any CPU
	EndGlobalSection
	GlobalSection(SolutionProperties) = preSolution
		HideSolutionNode = FALSE
	EndGlobalSection
	GlobalSection(ExtensibilityGlobals) = postSolution
		SolutionGuid = {073FD74B-CE0A-410A-9BC5-EE098AF5E2C4}
	EndGlobalSection
EndGlobal
